
Microsoft Visual Studio Solution File, Format Version 12.00
# Visual Studio Version 17
VisualStudioVersion = 17.2.32630.192
MinimumVisualStudioVersion = 10.0.40219.1
Project("{9A19103F-16F7-4668-BE54-9A1E7A4F7556}") = "FinancialAppAPI", "FinancialAppAPi\FinancialAppAPI.csproj", "{DE936228-F317-470C-AD27-3DFACC44FF03}"
EndProject
Project("{9A19103F-16F7-4668-BE54-9A1E7A4F7556}") = "FinancialApp.Tests", "FinancialApp.Tests\FinancialApp.Tests.csproj", "{337FF4B5-41BB-426A-9936-E3279397221C}"
EndProject
Project("{FAE04EC0-301F-11D3-BF4B-00C04F79EFBC}") = "FinancialApp.Users", "FinancialApp.Users\FinancialApp.Users.csproj", "{087AF1BF-8B10-476B-B733-0ED3060626CC}"
EndProject
Global
	GlobalSection(SolutionConfigurationPlatforms) = preSolution
		Debug|Any CPU = Debug|Any CPU
		Release|Any CPU = Release|Any CPU
	EndGlobalSection
	GlobalSection(ProjectConfigurationPlatforms) = postSolution
		{DE936228-F317-470C-AD27-3DFACC44FF03}.Debug|Any CPU.ActiveCfg = Debug|Any CPU
		{DE936228-F317-470C-AD27-3DFACC44FF03}.Debug|Any CPU.Build.0 = Debug|Any CPU
		{DE936228-F317-470C-AD27-3DFACC44FF03}.Release|Any CPU.ActiveCfg = Release|Any CPU
		{DE936228-F317-470C-AD27-3DFACC44FF03}.Release|Any CPU.Build.0 = Release|Any CPU
		{337FF4B5-41BB-426A-9936-E3279397221C}.Debug|Any CPU.ActiveCfg = Debug|Any CPU
		{337FF4B5-41BB-426A-9936-E3279397221C}.Debug|Any CPU.Build.0 = Debug|Any CPU
		{337FF4B5-41BB-426A-9936-E3279397221C}.Release|Any CPU.ActiveCfg = Release|Any CPU
		{337FF4B5-41BB-426A-9936-E3279397221C}.Release|Any CPU.Build.0 = Release|Any CPU
		{087AF1BF-8B10-476B-B733-0ED3060626CC}.Debug|Any CPU.ActiveCfg = Debug|Any CPU
		{087AF1BF-8B10-476B-B733-0ED3060626CC}.Debug|Any CPU.Build.0 = Debug|Any CPU
		{087AF1BF-8B10-476B-B733-0ED3060626CC}.Release|Any CPU.ActiveCfg = Release|Any CPU
		{087AF1BF-8B10-476B-B733-0ED3060626CC}.Release|Any CPU.Build.0 = Release|Any CPU
	EndGlobalSection
	GlobalSection(SolutionProperties) = preSolution
		HideSolutionNode = FALSE
	EndGlobalSection
	GlobalSection(ExtensibilityGlobals) = postSolution
		SolutionGuid = {944B9EFD-1E97-4FF0-8048-6F9588274474}
	EndGlobalSection
EndGlobal
