
Microsoft Visual Studio Solution File, Format Version 12.00
# Visual Studio Version 17
VisualStudioVersion = 17.2.32630.192
MinimumVisualStudioVersion = 10.0.40219.1
Project("{9A19103F-16F7-4668-BE54-9A1E7A4F7556}") = "Facillita.Users", "FinancialApp.Users\Facillita.Users.csproj", "{087AF1BF-8B10-476B-B733-0ED3060626CC}"
EndProject
Project("{9A19103F-16F7-4668-BE54-9A1E7A4F7556}") = "Facillita.API", "FinancialApp.API\Facillita.API.csproj", "{B3B9C1A2-CDD4-4AA2-BA3D-D0D0D5385843}"
EndProject
Global
	GlobalSection(SolutionConfigurationPlatforms) = preSolution
		Debug|Any CPU = Debug|Any CPU
		Release|Any CPU = Release|Any CPU
	EndGlobalSection
	GlobalSection(ProjectConfigurationPlatforms) = postSolution
		{087AF1BF-8B10-476B-B733-0ED3060626CC}.Debug|Any CPU.ActiveCfg = Debug|Any CPU
		{087AF1BF-8B10-476B-B733-0ED3060626CC}.Debug|Any CPU.Build.0 = Debug|Any CPU
		{087AF1BF-8B10-476B-B733-0ED3060626CC}.Release|Any CPU.ActiveCfg = Release|Any CPU
		{087AF1BF-8B10-476B-B733-0ED3060626CC}.Release|Any CPU.Build.0 = Release|Any CPU
		{B3B9C1A2-CDD4-4AA2-BA3D-D0D0D5385843}.Debug|Any CPU.ActiveCfg = Debug|Any CPU
		{B3B9C1A2-CDD4-4AA2-BA3D-D0D0D5385843}.Debug|Any CPU.Build.0 = Debug|Any CPU
		{B3B9C1A2-CDD4-4AA2-BA3D-D0D0D5385843}.Release|Any CPU.ActiveCfg = Release|Any CPU
		{B3B9C1A2-CDD4-4AA2-BA3D-D0D0D5385843}.Release|Any CPU.Build.0 = Release|Any CPU
	EndGlobalSection
	GlobalSection(SolutionProperties) = preSolution
		HideSolutionNode = FALSE
	EndGlobalSection
	GlobalSection(ExtensibilityGlobals) = postSolution
		SolutionGuid = {944B9EFD-1E97-4FF0-8048-6F9588274474}
	EndGlobalSection
EndGlobal
